{
  "name": "backend",
  "version": "1.0.0",
  "lockfileVersion": 3,
  "requires": true,
  "packages": {
    "": {
      "name": "backend",
      "version": "1.0.0",
      "license": "ISC",
      "dependencies": {
        "@plural_pinelabs/agent-toolkit": "^0.1.5"
      }
    },
    "node_modules/@plural_pinelabs/agent-toolkit": {
      "version": "0.1.5",
      "resolved": "https://registry.npmjs.org/@plural_pinelabs/agent-toolkit/-/agent-toolkit-0.1.5.tgz",
      "integrity": "sha512-Qh/AZZeVWH56LN51C4ompAAKYmCcTw4Kr6ObojdwSolJIPFjxquF7qrXZgzjbiSxlsszEsb6YWT5nxZ9T8tElQ==",
      "license": "MIT",
      "dependencies": {
        "zod": "^3.23.0",
        "zod-to-json-schema": "^3.25.1"
      },
      "engines": {
        "node": ">=18.0.0"
      },
      "peerDependencies": {
        "@langchain/core": ">=0.3.0",
        "@openai/agents": ">=0.1.0",
        "ai": ">=4.0.0",
        "openai": ">=4.0.0"
      },
      "peerDependenciesMeta": {
        "@langchain/core": {
          "optional": true
        },
        "@openai/agents": {
          "optional": true
        },
        "ai": {
          "optional": true
        },
        "openai": {
          "optional": true
        }
      }
    },
    "node_modules/zod": {
      "version": "3.25.76",
      "resolved": "https://registry.npmjs.org/zod/-/zod-3.25.76.tgz",
      "integrity": "sha512-gzUt/qt81nXsFGKIFcC3YnfEAx5NkunCfnDlvuBSSFS02bcXu4Lmea0AFIUwbLWxWPx3d9p8S5QoaujKcNQxcQ==",
      "license": "MIT",
      "funding": {
        "url": "https://github.com/sponsors/colinhacks"
      }
    },
    "node_modules/zod-to-json-schema": {
      "version": "3.25.1",
      "resolved": "https://registry.npmjs.org/zod-to-json-schema/-/zod-to-json-schema-3.25.1.tgz",
      "integrity": "sha512-pM/SU9d3YAggzi6MtR4h7ruuQlqKtad8e9S0fmxcMi+ueAK5Korys/aWcV9LIIHTVbj01NdzxcnXSN+O74ZIVA==",
      "license": "ISC",
      "peerDependencies": {
        "zod": "^3.25 || ^4"
      }
    }
  }
}
